
Microsoft Visual Studio Solution File, Format Version 12.00
# Visual Studio Version 17
VisualStudioVersion = 17.2.32630.192
MinimumVisualStudioVersion = 10.0.40219.1
Project("{9A19103F-16F7-4668-BE54-9A1E7A4F7556}") = "RingSoft.DevLogix", "RingSoft.DevLogix\RingSoft.DevLogix.csproj", "{FDEAF6D2-37C2-47A4-8D80-D8B0C1ABF1B4}"
EndProject
Project("{9A19103F-16F7-4668-BE54-9A1E7A4F7556}") = "RingSoft.DevLogix.Library", "RingSoft.DevLogix.Library\RingSoft.DevLogix.Library.csproj", "{D93F0326-8275-4938-9404-E6A02B4C8344}"
EndProject
Project("{9A19103F-16F7-4668-BE54-9A1E7A4F7556}") = "RingSoft.DevLogix.MasterData", "RingSoft.DevLogix.MasterData\RingSoft.DevLogix.MasterData.csproj", "{E5252CE7-A217-4E53-9075-D749613E3D5F}"
EndProject
Project("{9A19103F-16F7-4668-BE54-9A1E7A4F7556}") = "RingSoft.DevLogix.DataAccess", "RingSoft.DevLogix.DataAccess\RingSoft.DevLogix.DataAccess.csproj", "{29AC0817-A4B0-4075-AEC0-E2488DDFA93E}"
EndProject
Project("{9A19103F-16F7-4668-BE54-9A1E7A4F7556}") = "RingSoft.DevLogix.Sqlite", "RingSoft.DevLogix.Sqlite\RingSoft.DevLogix.Sqlite.csproj", "{364EA620-355F-4C6E-B5E3-38697F593048}"
EndProject
Project("{9A19103F-16F7-4668-BE54-9A1E7A4F7556}") = "RingSoft.DevLogix.SqlServer", "RingSoft.DevLogix.SqlServer\RingSoft.DevLogix.SqlServer.csproj", "{124E8EEC-1264-4936-802E-99D935C1CD5B}"
EndProject
Project("{9A19103F-16F7-4668-BE54-9A1E7A4F7556}") = "RingSoft.DbLookup", "..\RingSoft.DbLookup\RingSoft.DbLookup\RingSoft.DbLookup.csproj", "{35BBD170-FA84-4B7B-BC51-8B481A27DEEC}"
EndProject
Project("{9A19103F-16F7-4668-BE54-9A1E7A4F7556}") = "RingSoft.DbMaintenance", "..\RingSoft.DbLookup\RingSoft.DbMaintenance\RingSoft.DbMaintenance.csproj", "{C87D6B32-B096-499A-B09B-8E24B460428A}"
EndProject
Global
	GlobalSection(SolutionConfigurationPlatforms) = preSolution
		Debug|Any CPU = Debug|Any CPU
		Release|Any CPU = Release|Any CPU
	EndGlobalSection
	GlobalSection(ProjectConfigurationPlatforms) = postSolution
		{FDEAF6D2-37C2-47A4-8D80-D8B0C1ABF1B4}.Debug|Any CPU.ActiveCfg = Debug|Any CPU
		{FDEAF6D2-37C2-47A4-8D80-D8B0C1ABF1B4}.Debug|Any CPU.Build.0 = Debug|Any CPU
		{FDEAF6D2-37C2-47A4-8D80-D8B0C1ABF1B4}.Release|Any CPU.ActiveCfg = Release|Any CPU
		{FDEAF6D2-37C2-47A4-8D80-D8B0C1ABF1B4}.Release|Any CPU.Build.0 = Release|Any CPU
		{D93F0326-8275-4938-9404-E6A02B4C8344}.Debug|Any CPU.ActiveCfg = Debug|Any CPU
		{D93F0326-8275-4938-9404-E6A02B4C8344}.Debug|Any CPU.Build.0 = Debug|Any CPU
		{D93F0326-8275-4938-9404-E6A02B4C8344}.Release|Any CPU.ActiveCfg = Release|Any CPU
		{D93F0326-8275-4938-9404-E6A02B4C8344}.Release|Any CPU.Build.0 = Release|Any CPU
		{E5252CE7-A217-4E53-9075-D749613E3D5F}.Debug|Any CPU.ActiveCfg = Debug|Any CPU
		{E5252CE7-A217-4E53-9075-D749613E3D5F}.Debug|Any CPU.Build.0 = Debug|Any CPU
		{E5252CE7-A217-4E53-9075-D749613E3D5F}.Release|Any CPU.ActiveCfg = Release|Any CPU
		{E5252CE7-A217-4E53-9075-D749613E3D5F}.Release|Any CPU.Build.0 = Release|Any CPU
		{29AC0817-A4B0-4075-AEC0-E2488DDFA93E}.Debug|Any CPU.ActiveCfg = Debug|Any CPU
		{29AC0817-A4B0-4075-AEC0-E2488DDFA93E}.Debug|Any CPU.Build.0 = Debug|Any CPU
		{29AC0817-A4B0-4075-AEC0-E2488DDFA93E}.Release|Any CPU.ActiveCfg = Release|Any CPU
		{29AC0817-A4B0-4075-AEC0-E2488DDFA93E}.Release|Any CPU.Build.0 = Release|Any CPU
		{364EA620-355F-4C6E-B5E3-38697F593048}.Debug|Any CPU.ActiveCfg = Debug|Any CPU
		{364EA620-355F-4C6E-B5E3-38697F593048}.Debug|Any CPU.Build.0 = Debug|Any CPU
		{364EA620-355F-4C6E-B5E3-38697F593048}.Release|Any CPU.ActiveCfg = Release|Any CPU
		{364EA620-355F-4C6E-B5E3-38697F593048}.Release|Any CPU.Build.0 = Release|Any CPU
		{124E8EEC-1264-4936-802E-99D935C1CD5B}.Debug|Any CPU.ActiveCfg = Debug|Any CPU
		{124E8EEC-1264-4936-802E-99D935C1CD5B}.Debug|Any CPU.Build.0 = Debug|Any CPU
		{124E8EEC-1264-4936-802E-99D935C1CD5B}.Release|Any CPU.ActiveCfg = Release|Any CPU
		{124E8EEC-1264-4936-802E-99D935C1CD5B}.Release|Any CPU.Build.0 = Release|Any CPU
		{35BBD170-FA84-4B7B-BC51-8B481A27DEEC}.Debug|Any CPU.ActiveCfg = Debug|Any CPU
		{35BBD170-FA84-4B7B-BC51-8B481A27DEEC}.Debug|Any CPU.Build.0 = Debug|Any CPU
		{35BBD170-FA84-4B7B-BC51-8B481A27DEEC}.Release|Any CPU.ActiveCfg = Release|Any CPU
		{35BBD170-FA84-4B7B-BC51-8B481A27DEEC}.Release|Any CPU.Build.0 = Release|Any CPU
		{C87D6B32-B096-499A-B09B-8E24B460428A}.Debug|Any CPU.ActiveCfg = Debug|Any CPU
		{C87D6B32-B096-499A-B09B-8E24B460428A}.Debug|Any CPU.Build.0 = Debug|Any CPU
		{C87D6B32-B096-499A-B09B-8E24B460428A}.Release|Any CPU.ActiveCfg = Release|Any CPU
		{C87D6B32-B096-499A-B09B-8E24B460428A}.Release|Any CPU.Build.0 = Release|Any CPU
	EndGlobalSection
	GlobalSection(SolutionProperties) = preSolution
		HideSolutionNode = FALSE
	EndGlobalSection
	GlobalSection(ExtensibilityGlobals) = postSolution
		SolutionGuid = {7B3F1B99-89CA-4517-A8FF-5F625FDD67FB}
	EndGlobalSection
EndGlobal
